
Microsoft Visual Studio Solution File, Format Version 12.00
# Visual Studio 15
VisualStudioVersion = 15.0.28307.168
MinimumVisualStudioVersion = 10.0.40219.1
Project("{FAE04EC0-301F-11D3-BF4B-00C04F79EFBC}") = "MySocket", "MySocket\MySocket.csproj", "{7B34B47F-4E7B-400E-8060-E930975F443D}"
EndProject
Global
	GlobalSection(SolutionConfigurationPlatforms) = preSolution
		Debug|Any CPU = Debug|Any CPU
		Release|Any CPU = Release|Any CPU
	EndGlobalSection
	GlobalSection(ProjectConfigurationPlatforms) = postSolution
		{7B34B47F-4E7B-400E-8060-E930975F443D}.Debug|Any CPU.ActiveCfg = Debug|Any CPU
		{7B34B47F-4E7B-400E-8060-E930975F443D}.Debug|Any CPU.Build.0 = Debug|Any CPU
		{7B34B47F-4E7B-400E-8060-E930975F443D}.Release|Any CPU.ActiveCfg = Release|Any CPU
		{7B34B47F-4E7B-400E-8060-E930975F443D}.Release|Any CPU.Build.0 = Release|Any CPU
	EndGlobalSection
	GlobalSection(SolutionProperties) = preSolution
		HideSolutionNode = FALSE
	EndGlobalSection
	GlobalSection(ExtensibilityGlobals) = postSolution
		SolutionGuid = {A56D7617-8B18-4E53-9C37-FFA7E7E59D82}
	EndGlobalSection
EndGlobal
